
Microsoft Visual Studio Solution File, Format Version 12.00
# Visual Studio Version 16
VisualStudioVersion = 16.0.30717.126
MinimumVisualStudioVersion = 10.0.40219.1
Project("{FAE04EC0-301F-11D3-BF4B-00C04F79EFBC}") = "Practica_2", "Practica_2\Practica_2.csproj", "{D592B216-9D56-4A99-8036-C7196E860B72}"
EndProject
Project("{FAE04EC0-301F-11D3-BF4B-00C04F79EFBC}") = "Ejercicio_int", "Ejercicio_int\Ejercicio_int.csproj", "{0E8097AE-E381-401A-BAC3-35C54E922C5D}"
EndProject
Project("{FAE04EC0-301F-11D3-BF4B-00C04F79EFBC}") = "CalculoPerimetro", "CalculoPerimetro\CalculoPerimetro.csproj", "{94C44A9F-FCC4-4CF8-A914-99E2B2DC0944}"
EndProject
Project("{FAE04EC0-301F-11D3-BF4B-00C04F79EFBC}") = "Ejercicio_String", "Ejercicio_String\Ejercicio_String.csproj", "{BB9F24C7-7C83-4005-9487-37EA34A9CD9D}"
EndProject
Global
	GlobalSection(SolutionConfigurationPlatforms) = preSolution
		Debug|Any CPU = Debug|Any CPU
		Release|Any CPU = Release|Any CPU
	EndGlobalSection
	GlobalSection(ProjectConfigurationPlatforms) = postSolution
		{D592B216-9D56-4A99-8036-C7196E860B72}.Debug|Any CPU.ActiveCfg = Debug|Any CPU
		{D592B216-9D56-4A99-8036-C7196E860B72}.Debug|Any CPU.Build.0 = Debug|Any CPU
		{D592B216-9D56-4A99-8036-C7196E860B72}.Release|Any CPU.ActiveCfg = Release|Any CPU
		{D592B216-9D56-4A99-8036-C7196E860B72}.Release|Any CPU.Build.0 = Release|Any CPU
		{0E8097AE-E381-401A-BAC3-35C54E922C5D}.Debug|Any CPU.ActiveCfg = Debug|Any CPU
		{0E8097AE-E381-401A-BAC3-35C54E922C5D}.Debug|Any CPU.Build.0 = Debug|Any CPU
		{0E8097AE-E381-401A-BAC3-35C54E922C5D}.Release|Any CPU.ActiveCfg = Release|Any CPU
		{0E8097AE-E381-401A-BAC3-35C54E922C5D}.Release|Any CPU.Build.0 = Release|Any CPU
		{94C44A9F-FCC4-4CF8-A914-99E2B2DC0944}.Debug|Any CPU.ActiveCfg = Debug|Any CPU
		{94C44A9F-FCC4-4CF8-A914-99E2B2DC0944}.Debug|Any CPU.Build.0 = Debug|Any CPU
		{94C44A9F-FCC4-4CF8-A914-99E2B2DC0944}.Release|Any CPU.ActiveCfg = Release|Any CPU
		{94C44A9F-FCC4-4CF8-A914-99E2B2DC0944}.Release|Any CPU.Build.0 = Release|Any CPU
		{BB9F24C7-7C83-4005-9487-37EA34A9CD9D}.Debug|Any CPU.ActiveCfg = Debug|Any CPU
		{BB9F24C7-7C83-4005-9487-37EA34A9CD9D}.Debug|Any CPU.Build.0 = Debug|Any CPU
		{BB9F24C7-7C83-4005-9487-37EA34A9CD9D}.Release|Any CPU.ActiveCfg = Release|Any CPU
		{BB9F24C7-7C83-4005-9487-37EA34A9CD9D}.Release|Any CPU.Build.0 = Release|Any CPU
	EndGlobalSection
	GlobalSection(SolutionProperties) = preSolution
		HideSolutionNode = FALSE
	EndGlobalSection
	GlobalSection(ExtensibilityGlobals) = postSolution
		SolutionGuid = {03EC317D-1598-494E-8A2E-3EE417C6A16F}
	EndGlobalSection
EndGlobal
